
Microsoft Visual Studio Solution File, Format Version 12.00
# Visual Studio Version 17
VisualStudioVersion = 17.11.35327.3
MinimumVisualStudioVersion = 10.0.40219.1
Project("{9A19103F-16F7-4668-BE54-9A1E7A4F7556}") = "API.FurnitureStore.API", "API.FurnitureStore.API\API.FurnitureStore.API.csproj", "{FD75F0BE-C291-4510-B249-21A5440A23B0}"
EndProject
Project("{9A19103F-16F7-4668-BE54-9A1E7A4F7556}") = "API.FurnitureStore.Shared", "API.FurnitureStore.Shared\API.FurnitureStore.Shared.csproj", "{4E568B58-4F07-45D7-8EC6-E556C860E3ED}"
EndProject
Project("{9A19103F-16F7-4668-BE54-9A1E7A4F7556}") = "API.FurnitureStore.Data", "API.FurnitureStore.Data\API.FurnitureStore.Data.csproj", "{4B2059F9-6E25-44A8-B149-20112E0AB649}"
EndProject
Global
	GlobalSection(SolutionConfigurationPlatforms) = preSolution
		Debug|Any CPU = Debug|Any CPU
		Release|Any CPU = Release|Any CPU
	EndGlobalSection
	GlobalSection(ProjectConfigurationPlatforms) = postSolution
		{FD75F0BE-C291-4510-B249-21A5440A23B0}.Debug|Any CPU.ActiveCfg = Debug|Any CPU
		{FD75F0BE-C291-4510-B249-21A5440A23B0}.Debug|Any CPU.Build.0 = Debug|Any CPU
		{FD75F0BE-C291-4510-B249-21A5440A23B0}.Release|Any CPU.ActiveCfg = Release|Any CPU
		{FD75F0BE-C291-4510-B249-21A5440A23B0}.Release|Any CPU.Build.0 = Release|Any CPU
		{4E568B58-4F07-45D7-8EC6-E556C860E3ED}.Debug|Any CPU.ActiveCfg = Debug|Any CPU
		{4E568B58-4F07-45D7-8EC6-E556C860E3ED}.Debug|Any CPU.Build.0 = Debug|Any CPU
		{4E568B58-4F07-45D7-8EC6-E556C860E3ED}.Release|Any CPU.ActiveCfg = Release|Any CPU
		{4E568B58-4F07-45D7-8EC6-E556C860E3ED}.Release|Any CPU.Build.0 = Release|Any CPU
		{4B2059F9-6E25-44A8-B149-20112E0AB649}.Debug|Any CPU.ActiveCfg = Debug|Any CPU
		{4B2059F9-6E25-44A8-B149-20112E0AB649}.Debug|Any CPU.Build.0 = Debug|Any CPU
		{4B2059F9-6E25-44A8-B149-20112E0AB649}.Release|Any CPU.ActiveCfg = Release|Any CPU
		{4B2059F9-6E25-44A8-B149-20112E0AB649}.Release|Any CPU.Build.0 = Release|Any CPU
	EndGlobalSection
	GlobalSection(SolutionProperties) = preSolution
		HideSolutionNode = FALSE
	EndGlobalSection
	GlobalSection(ExtensibilityGlobals) = postSolution
		SolutionGuid = {4B7406E6-C25E-431B-A735-FC97867DA6DE}
	EndGlobalSection
EndGlobal
